
Microsoft Visual Studio Solution File, Format Version 12.00
# Visual Studio Version 16
VisualStudioVersion = 16.0.35229.62
MinimumVisualStudioVersion = 10.0.40219.1
Project("{FAE04EC0-301F-11D3-BF4B-00C04F79EFBC}") = "SS_Mobile_Shopee", "SS_Mobile_Shopee.csproj", "{CD65B4C6-C070-4F38-B276-4636D7D37FCC}"
EndProject
Global
	GlobalSection(SolutionConfigurationPlatforms) = preSolution
		Debug|Any CPU = Debug|Any CPU
		Release|Any CPU = Release|Any CPU
	EndGlobalSection
	GlobalSection(ProjectConfigurationPlatforms) = postSolution
		{CD65B4C6-C070-4F38-B276-4636D7D37FCC}.Debug|Any CPU.ActiveCfg = Debug|Any CPU
		{CD65B4C6-C070-4F38-B276-4636D7D37FCC}.Debug|Any CPU.Build.0 = Debug|Any CPU
		{CD65B4C6-C070-4F38-B276-4636D7D37FCC}.Release|Any CPU.ActiveCfg = Release|Any CPU
		{CD65B4C6-C070-4F38-B276-4636D7D37FCC}.Release|Any CPU.Build.0 = Release|Any CPU
	EndGlobalSection
	GlobalSection(SolutionProperties) = preSolution
		HideSolutionNode = FALSE
	EndGlobalSection
	GlobalSection(ExtensibilityGlobals) = postSolution
		SolutionGuid = {AB5C5A70-DE26-4881-9320-8097D4E17E4F}
	EndGlobalSection
EndGlobal
